
Microsoft Visual Studio Solution File, Format Version 12.00
# Visual Studio Version 16
VisualStudioVersion = 16.0.31025.194
MinimumVisualStudioVersion = 10.0.40219.1
Project("{FAE04EC0-301F-11D3-BF4B-00C04F79EFBC}") = "Slot Machine", "Slot Machine.csproj", "{253E3124-015E-4BA6-AE63-7C5CDE36F62D}"
EndProject
Global
	GlobalSection(SolutionConfigurationPlatforms) = preSolution
		Debug|Any CPU = Debug|Any CPU
		Release|Any CPU = Release|Any CPU
	EndGlobalSection
	GlobalSection(ProjectConfigurationPlatforms) = postSolution
		{253E3124-015E-4BA6-AE63-7C5CDE36F62D}.Debug|Any CPU.ActiveCfg = Debug|Any CPU
		{253E3124-015E-4BA6-AE63-7C5CDE36F62D}.Debug|Any CPU.Build.0 = Debug|Any CPU
		{253E3124-015E-4BA6-AE63-7C5CDE36F62D}.Release|Any CPU.ActiveCfg = Release|Any CPU
		{253E3124-015E-4BA6-AE63-7C5CDE36F62D}.Release|Any CPU.Build.0 = Release|Any CPU
	EndGlobalSection
	GlobalSection(SolutionProperties) = preSolution
		HideSolutionNode = FALSE
	EndGlobalSection
	GlobalSection(ExtensibilityGlobals) = postSolution
		SolutionGuid = {75CF3364-31FA-4E7F-83C1-64FA6023370C}
	EndGlobalSection
EndGlobal
